
Microsoft Visual Studio Solution File, Format Version 12.00
# Visual Studio Version 16
VisualStudioVersion = 16.0.30907.101
MinimumVisualStudioVersion = 10.0.40219.1
Project("{FAE04EC0-301F-11D3-BF4B-00C04F79EFBC}") = "Ejercicio2", "Ejercicio2\Ejercicio2.csproj", "{7BD5338F-A605-4575-A0A2-74E2567D5115}"
EndProject
Project("{FAE04EC0-301F-11D3-BF4B-00C04F79EFBC}") = "Ejercicio3", "Ejercicio3\Ejercicio3.csproj", "{86436E4D-0A2E-415E-A3A4-607D9E86B734}"
EndProject
Project("{FAE04EC0-301F-11D3-BF4B-00C04F79EFBC}") = "Ejercicio4", "Ejercicio4\Ejercicio4.csproj", "{BB54FCF8-368A-4E66-996D-3DC6853D45E8}"
EndProject
Project("{FAE04EC0-301F-11D3-BF4B-00C04F79EFBC}") = "Ejercicio1", "Ejercicion1\Ejercicio1.csproj", "{0541398F-4B60-4CB4-A83B-086A708221EA}"
EndProject
Project("{FAE04EC0-301F-11D3-BF4B-00C04F79EFBC}") = "Ejercicio5", "Ejercicio5\Ejercicio5.csproj", "{8F5665CD-5CBB-4B18-AF88-157066CDDB33}"
EndProject
Project("{FAE04EC0-301F-11D3-BF4B-00C04F79EFBC}") = "Ejercicio6", "Ejercicio6\Ejercicio6.csproj", "{F5815384-2D06-43B0-86B8-3CFE44B19A76}"
EndProject
Project("{FAE04EC0-301F-11D3-BF4B-00C04F79EFBC}") = "Ejercicio7", "Ejercicio7\Ejercicio7.csproj", "{57FFC0D3-2609-4D20-8349-5DB5F8086FC8}"
EndProject
Global
	GlobalSection(SolutionConfigurationPlatforms) = preSolution
		Debug|Any CPU = Debug|Any CPU
		Release|Any CPU = Release|Any CPU
	EndGlobalSection
	GlobalSection(ProjectConfigurationPlatforms) = postSolution
		{7BD5338F-A605-4575-A0A2-74E2567D5115}.Debug|Any CPU.ActiveCfg = Debug|Any CPU
		{7BD5338F-A605-4575-A0A2-74E2567D5115}.Debug|Any CPU.Build.0 = Debug|Any CPU
		{7BD5338F-A605-4575-A0A2-74E2567D5115}.Release|Any CPU.ActiveCfg = Release|Any CPU
		{7BD5338F-A605-4575-A0A2-74E2567D5115}.Release|Any CPU.Build.0 = Release|Any CPU
		{86436E4D-0A2E-415E-A3A4-607D9E86B734}.Debug|Any CPU.ActiveCfg = Debug|Any CPU
		{86436E4D-0A2E-415E-A3A4-607D9E86B734}.Debug|Any CPU.Build.0 = Debug|Any CPU
		{86436E4D-0A2E-415E-A3A4-607D9E86B734}.Release|Any CPU.ActiveCfg = Release|Any CPU
		{86436E4D-0A2E-415E-A3A4-607D9E86B734}.Release|Any CPU.Build.0 = Release|Any CPU
		{BB54FCF8-368A-4E66-996D-3DC6853D45E8}.Debug|Any CPU.ActiveCfg = Debug|Any CPU
		{BB54FCF8-368A-4E66-996D-3DC6853D45E8}.Debug|Any CPU.Build.0 = Debug|Any CPU
		{BB54FCF8-368A-4E66-996D-3DC6853D45E8}.Release|Any CPU.ActiveCfg = Release|Any CPU
		{BB54FCF8-368A-4E66-996D-3DC6853D45E8}.Release|Any CPU.Build.0 = Release|Any CPU
		{0541398F-4B60-4CB4-A83B-086A708221EA}.Debug|Any CPU.ActiveCfg = Debug|Any CPU
		{0541398F-4B60-4CB4-A83B-086A708221EA}.Debug|Any CPU.Build.0 = Debug|Any CPU
		{0541398F-4B60-4CB4-A83B-086A708221EA}.Release|Any CPU.ActiveCfg = Release|Any CPU
		{0541398F-4B60-4CB4-A83B-086A708221EA}.Release|Any CPU.Build.0 = Release|Any CPU
		{8F5665CD-5CBB-4B18-AF88-157066CDDB33}.Debug|Any CPU.ActiveCfg = Debug|Any CPU
		{8F5665CD-5CBB-4B18-AF88-157066CDDB33}.Debug|Any CPU.Build.0 = Debug|Any CPU
		{8F5665CD-5CBB-4B18-AF88-157066CDDB33}.Release|Any CPU.ActiveCfg = Release|Any CPU
		{8F5665CD-5CBB-4B18-AF88-157066CDDB33}.Release|Any CPU.Build.0 = Release|Any CPU
		{F5815384-2D06-43B0-86B8-3CFE44B19A76}.Debug|Any CPU.ActiveCfg = Debug|Any CPU
		{F5815384-2D06-43B0-86B8-3CFE44B19A76}.Debug|Any CPU.Build.0 = Debug|Any CPU
		{F5815384-2D06-43B0-86B8-3CFE44B19A76}.Release|Any CPU.ActiveCfg = Release|Any CPU
		{F5815384-2D06-43B0-86B8-3CFE44B19A76}.Release|Any CPU.Build.0 = Release|Any CPU
		{57FFC0D3-2609-4D20-8349-5DB5F8086FC8}.Debug|Any CPU.ActiveCfg = Debug|Any CPU
		{57FFC0D3-2609-4D20-8349-5DB5F8086FC8}.Debug|Any CPU.Build.0 = Debug|Any CPU
		{57FFC0D3-2609-4D20-8349-5DB5F8086FC8}.Release|Any CPU.ActiveCfg = Release|Any CPU
		{57FFC0D3-2609-4D20-8349-5DB5F8086FC8}.Release|Any CPU.Build.0 = Release|Any CPU
	EndGlobalSection
	GlobalSection(SolutionProperties) = preSolution
		HideSolutionNode = FALSE
	EndGlobalSection
	GlobalSection(ExtensibilityGlobals) = postSolution
		SolutionGuid = {63313DAB-990E-409C-9438-F699019A0EA7}
	EndGlobalSection
EndGlobal
